{"1.2.0",
[{<<"cowboy">>,{pkg,<<"cowboy">>,<<"2.12.0">>},1},
 {<<"cowlib">>,{pkg,<<"cowlib">>,<<"2.13.0">>},2},
 {<<"em_filter">>,{pkg,<<"em_filter">>,<<"1.3.8">>},0},
 {<<"gun">>,{pkg,<<"gun">>,<<"2.1.0">>},1},
 {<<"kvex">>,{pkg,<<"kvex">>,<<"0.2.9">>},1},
 {<<"ranch">>,{pkg,<<"ranch">>,<<"1.8.0">>},2},
 {<<"sied">>,{pkg,<<"sied">>,<<"0.2.9">>},1}]}.
[
{pkg_hash,[
 {<<"cowboy">>, <<"F276D521A1FF88B2B9B4C54D0E753DA6C66DD7BE6C9FCA3D9418B561828A3731">>},
 {<<"cowlib">>, <<"DB8F7505D8332D98EF50A3EF34B34C1AFDDEC7506E4EE4DD4A3A266285D282CA">>},
 {<<"em_filter">>, <<"362E032494D0285EBBF9A53DF54126248DF186A9FE91C15D3967AE440EE47C34">>},
 {<<"gun">>, <<"B4E4CBBF3026D21981C447E9E7CA856766046EFF693720BA43114D7F5DE36E87">>},
 {<<"kvex">>, <<"CA57C8AF3ED90F7AB650060F7690D9F094DBFE171C4D72775E50950C2ADEB724">>},
 {<<"ranch">>, <<"8C7A100A139FD57F17327B6413E4167AC559FBC04CA7448E9BE9057311597A1D">>},
 {<<"sied">>, <<"34851516C44AC41B47983AE470B22C166157F3A94C3EB119457B84139CC95313">>}]},
{pkg_hash_ext,[
 {<<"cowboy">>, <<"8A7ABE6D183372CEB21CAA2709BEC928AB2B72E18A3911AA1771639BEF82651E">>},
 {<<"cowlib">>, <<"E1E1284DC3FC030A64B1AD0D8382AE7E99DA46C3246B815318A4B848873800A4">>},
 {<<"em_filter">>, <<"287A624F8EE0F01F74A958C8C0ECE552B6D2E89DD9B61D6997E1BCB871C04997">>},
 {<<"gun">>, <<"52FC7FC246BFC3B00E01AEA1C2854C70A366348574AB50C57DFE796D24A0101D">>},
 {<<"kvex">>, <<"F8DB0EAE8D31C350F001DCA2A08B1089750C5B2499B928822CE26BC8FFFAC4DB">>},
 {<<"ranch">>, <<"49FBCFD3682FAB1F5D109351B61257676DA1A2FDBE295904176D5E521A2DDFE5">>},
 {<<"sied">>, <<"E416A0AA810C10FA64951F575C03C4AEE377BDF6CF5D70C84708307C2189C73E">>}]}
].
